
Microsoft Visual Studio Solution File, Format Version 12.00
# Visual Studio Version 16
VisualStudioVersion = 16.0.30114.105
MinimumVisualStudioVersion = 10.0.40219.1
Project("{9A19103F-16F7-4668-BE54-9A1E7A4F7556}") = "glTech.ePipemonitor.WSNSCADA", "glTech.ePipemonitor.WSNSCADA\glTech.ePipemonitor.WSNSCADA.csproj", "{1793B5C1-F77C-48A9-B8DE-2E8EF3CF7556}"
EndProject
Project("{9A19103F-16F7-4668-BE54-9A1E7A4F7556}") = "glTech.ePipemonitor.WSNSCADAPlugin", "glTech.ePipemonitor.WSNSCADAPlugin\glTech.ePipemonitor.WSNSCADAPlugin.csproj", "{DD0A14F4-736B-4BA4-A6AC-9B6C68544DA9}"
EndProject
Project("{9A19103F-16F7-4668-BE54-9A1E7A4F7556}") = "PluginContract", "PluginContract\PluginContract.csproj", "{388E834B-4098-4593-AF35-2AFB765A8838}"
EndProject
Global
	GlobalSection(SolutionConfigurationPlatforms) = preSolution
		Debug|Any CPU = Debug|Any CPU
		Release|Any CPU = Release|Any CPU
	EndGlobalSection
	GlobalSection(ProjectConfigurationPlatforms) = postSolution
		{1793B5C1-F77C-48A9-B8DE-2E8EF3CF7556}.Debug|Any CPU.ActiveCfg = Debug|Any CPU
		{1793B5C1-F77C-48A9-B8DE-2E8EF3CF7556}.Debug|Any CPU.Build.0 = Debug|Any CPU
		{1793B5C1-F77C-48A9-B8DE-2E8EF3CF7556}.Release|Any CPU.ActiveCfg = Release|Any CPU
		{1793B5C1-F77C-48A9-B8DE-2E8EF3CF7556}.Release|Any CPU.Build.0 = Release|Any CPU
		{DD0A14F4-736B-4BA4-A6AC-9B6C68544DA9}.Debug|Any CPU.ActiveCfg = Debug|Any CPU
		{DD0A14F4-736B-4BA4-A6AC-9B6C68544DA9}.Debug|Any CPU.Build.0 = Debug|Any CPU
		{DD0A14F4-736B-4BA4-A6AC-9B6C68544DA9}.Release|Any CPU.ActiveCfg = Release|Any CPU
		{DD0A14F4-736B-4BA4-A6AC-9B6C68544DA9}.Release|Any CPU.Build.0 = Release|Any CPU
		{388E834B-4098-4593-AF35-2AFB765A8838}.Debug|Any CPU.ActiveCfg = Debug|Any CPU
		{388E834B-4098-4593-AF35-2AFB765A8838}.Debug|Any CPU.Build.0 = Debug|Any CPU
		{388E834B-4098-4593-AF35-2AFB765A8838}.Release|Any CPU.ActiveCfg = Release|Any CPU
		{388E834B-4098-4593-AF35-2AFB765A8838}.Release|Any CPU.Build.0 = Release|Any CPU
	EndGlobalSection
	GlobalSection(SolutionProperties) = preSolution
		HideSolutionNode = FALSE
	EndGlobalSection
	GlobalSection(ExtensibilityGlobals) = postSolution
		SolutionGuid = {8CFD8C98-B0EA-4AF8-8DB9-E5A7BCD7777B}
	EndGlobalSection
EndGlobal
